// !$*UTF8*$!
{
	archiveVersion = 1;
	classes = {
	};
	objectVersion = 56;
	objects = {

/* Begin PBXBuildFile section */
		842531E32ACD11C40039699B /* PrimeChatApp.swift in Sources */ = {isa = PBXBuildFile; fileRef = 842531E22ACD11C40039699B /* PrimeChatApp.swift */; };
		842531E52ACD11C40039699B /* ContentView.swift in Sources */ = {isa = PBXBuildFile; fileRef = 842531E42ACD11C40039699B /* ContentView.swift */; };
		842531E72ACD11C50039699B /* Assets.xcassets in Resources */ = {isa = PBXBuildFile; fileRef = 842531E62ACD11C50039699B /* Assets.xcassets */; };
		842531EA2ACD11C50039699B /* Preview Assets.xcassets in Resources */ = {isa = PBXBuildFile; fileRef = 842531E92ACD11C50039699B /* Preview Assets.xcassets */; };
		842531F42ACD11C50039699B /* PrimeChatTests.swift in Sources */ = {isa = PBXBuildFile; fileRef = 842531F32ACD11C50039699B /* PrimeChatTests.swift */; };
		842531FE2ACD11C50039699B /* PrimeChatUITests.swift in Sources */ = {isa = PBXBuildFile; fileRef = 842531FD2ACD11C50039699B /* PrimeChatUITests.swift */; };
		842532002ACD11C50039699B /* PrimeChatUITestsLaunchTests.swift in Sources */ = {isa = PBXBuildFile; fileRef = 842531FF2ACD11C50039699B /* PrimeChatUITestsLaunchTests.swift */; };
		846A54F82ACDDB69007F2418 /* ConversationListViewModal.swift in Sources */ = {isa = PBXBuildFile; fileRef = 846A54F72ACDDB69007F2418 /* ConversationListViewModal.swift */; };
		8473A8722ACD1366005D84C7 /* GoogleService-Info.plist in Resources */ = {isa = PBXBuildFile; fileRef = 8473A8712ACD1366005D84C7 /* GoogleService-Info.plist */; };
		8473A8752ACD14BE005D84C7 /* FirebaseAuth in Frameworks */ = {isa = PBXBuildFile; productRef = 8473A8742ACD14BE005D84C7 /* FirebaseAuth */; };
		8473A8772ACD14BE005D84C7 /* FirebaseFirestore in Frameworks */ = {isa = PBXBuildFile; productRef = 8473A8762ACD14BE005D84C7 /* FirebaseFirestore */; };
		8473A8792ACD14BE005D84C7 /* FirebaseMessaging in Frameworks */ = {isa = PBXBuildFile; productRef = 8473A8782ACD14BE005D84C7 /* FirebaseMessaging */; };
		8473A87B2ACD14BE005D84C7 /* FirebaseStorage in Frameworks */ = {isa = PBXBuildFile; productRef = 8473A87A2ACD14BE005D84C7 /* FirebaseStorage */; };
		8473A87F2ACD1669005D84C7 /* UIKit+Extensions.swift in Sources */ = {isa = PBXBuildFile; fileRef = 8473A87E2ACD1669005D84C7 /* UIKit+Extensions.swift */; };
		8473A8812ACD18ED005D84C7 /* AppManager.swift in Sources */ = {isa = PBXBuildFile; fileRef = 8473A8802ACD18ED005D84C7 /* AppManager.swift */; };
		8473A8832ACD1C32005D84C7 /* Foundation+Extenstions.swift in Sources */ = {isa = PBXBuildFile; fileRef = 8473A8822ACD1C32005D84C7 /* Foundation+Extenstions.swift */; };
		8473A8872ACD245E005D84C7 /* SignUpView.swift in Sources */ = {isa = PBXBuildFile; fileRef = 8473A8862ACD245E005D84C7 /* SignUpView.swift */; };
		8473A88A2ACD2EC4005D84C7 /* ChatBubbleView.swift in Sources */ = {isa = PBXBuildFile; fileRef = 8473A8892ACD2EC4005D84C7 /* ChatBubbleView.swift */; };
		8473A88E2ACD3CF4005D84C7 /* LoginView.swift in Sources */ = {isa = PBXBuildFile; fileRef = 8473A88D2ACD3CF4005D84C7 /* LoginView.swift */; };
		8473A8902ACD3F54005D84C7 /* AppState.swift in Sources */ = {isa = PBXBuildFile; fileRef = 8473A88F2ACD3F54005D84C7 /* AppState.swift */; };
		8473A8922ACD6153005D84C7 /* SignUpViewModal.swift in Sources */ = {isa = PBXBuildFile; fileRef = 8473A8912ACD6153005D84C7 /* SignUpViewModal.swift */; };
		8473A8942ACD6BF1005D84C7 /* LoginViewModal.swift in Sources */ = {isa = PBXBuildFile; fileRef = 8473A8932ACD6BF1005D84C7 /* LoginViewModal.swift */; };
		8473A8972ACD6E5B005D84C7 /* HomeContainerView.swift in Sources */ = {isa = PBXBuildFile; fileRef = 8473A8962ACD6E5B005D84C7 /* HomeContainerView.swift */; };
		8473A89C2ACD7B80005D84C7 /* ChatsListView.swift in Sources */ = {isa = PBXBuildFile; fileRef = 8473A89B2ACD7B80005D84C7 /* ChatsListView.swift */; };
		8473A89E2ACD7B9D005D84C7 /* StatusListView.swift in Sources */ = {isa = PBXBuildFile; fileRef = 8473A89D2ACD7B9D005D84C7 /* StatusListView.swift */; };
		8473A8A02ACD7BB5005D84C7 /* ProfileSettingsView.swift in Sources */ = {isa = PBXBuildFile; fileRef = 8473A89F2ACD7BB5005D84C7 /* ProfileSettingsView.swift */; };
		8473A8A22ACD80D4005D84C7 /* FaceCard.swift in Sources */ = {isa = PBXBuildFile; fileRef = 8473A8A12ACD80D4005D84C7 /* FaceCard.swift */; };
		8473A8A42ACD8465005D84C7 /* FaceModal.swift in Sources */ = {isa = PBXBuildFile; fileRef = 8473A8A32ACD8465005D84C7 /* FaceModal.swift */; };
		8473A8A82ACD8680005D84C7 /* MessageCardView.swift in Sources */ = {isa = PBXBuildFile; fileRef = 8473A8A72ACD8680005D84C7 /* MessageCardView.swift */; };
		8473A8AA2ACD88A8005D84C7 /* ConversationListView.swift in Sources */ = {isa = PBXBuildFile; fileRef = 8473A8A92ACD88A8005D84C7 /* ConversationListView.swift */; };
		8473A8AC2ACD9A1C005D84C7 /* NewMessageContainerView.swift in Sources */ = {isa = PBXBuildFile; fileRef = 8473A8AB2ACD9A1C005D84C7 /* NewMessageContainerView.swift */; };
		8473A8AF2ACD9CE1005D84C7 /* MessageRecord.swift in Sources */ = {isa = PBXBuildFile; fileRef = 8473A8AE2ACD9CE1005D84C7 /* MessageRecord.swift */; };
		8473A8B12ACDB358005D84C7 /* AddContactView.swift in Sources */ = {isa = PBXBuildFile; fileRef = 8473A8B02ACDB358005D84C7 /* AddContactView.swift */; };
		8473A8B32ACDB3C6005D84C7 /* AddContactViewModal.swift in Sources */ = {isa = PBXBuildFile; fileRef = 8473A8B22ACDB3C6005D84C7 /* AddContactViewModal.swift */; };
		8473A8B52ACDB48C005D84C7 /* Contact.swift in Sources */ = {isa = PBXBuildFile; fileRef = 8473A8B42ACDB48C005D84C7 /* Contact.swift */; };
/* End PBXBuildFile section */

/* Begin PBXContainerItemProxy section */
		842531F02ACD11C50039699B /* PBXContainerItemProxy */ = {
			isa = PBXContainerItemProxy;
			containerPortal = 842531D72ACD11C40039699B /* Project object */;
			proxyType = 1;
			remoteGlobalIDString = 842531DE2ACD11C40039699B;
			remoteInfo = PrimeChat;
		};
		842531FA2ACD11C50039699B /* PBXContainerItemProxy */ = {
			isa = PBXContainerItemProxy;
			containerPortal = 842531D72ACD11C40039699B /* Project object */;
			proxyType = 1;
			remoteGlobalIDString = 842531DE2ACD11C40039699B;
			remoteInfo = PrimeChat;
		};
/* End PBXContainerItemProxy section */

/* Begin PBXFileReference section */
		842531DF2ACD11C40039699B /* PrimeChat.app */ = {isa = PBXFileReference; explicitFileType = wrapper.application; includeInIndex = 0; path = PrimeChat.app; sourceTree = BUILT_PRODUCTS_DIR; };
		842531E22ACD11C40039699B /* PrimeChatApp.swift */ = {isa = PBXFileReference; lastKnownFileType = sourcecode.swift; path = PrimeChatApp.swift; sourceTree = "<group>"; };
		842531E42ACD11C40039699B /* ContentView.swift */ = {isa = PBXFileReference; lastKnownFileType = sourcecode.swift; path = ContentView.swift; sourceTree = "<group>"; };
		842531E62ACD11C50039699B /* Assets.xcassets */ = {isa = PBXFileReference; lastKnownFileType = folder.assetcatalog; path = Assets.xcassets; sourceTree = "<group>"; };
		842531E92ACD11C50039699B /* Preview Assets.xcassets */ = {isa = PBXFileReference; lastKnownFileType = folder.assetcatalog; path = "Preview Assets.xcassets"; sourceTree = "<group>"; };
		842531EF2ACD11C50039699B /* PrimeChatTests.xctest */ = {isa = PBXFileReference; explicitFileType = wrapper.cfbundle; includeInIndex = 0; path = PrimeChatTests.xctest; sourceTree = BUILT_PRODUCTS_DIR; };
		842531F32ACD11C50039699B /* PrimeChatTests.swift */ = {isa = PBXFileReference; lastKnownFileType = sourcecode.swift; path = PrimeChatTests.swift; sourceTree = "<group>"; };
		842531F92ACD11C50039699B /* PrimeChatUITests.xctest */ = {isa = PBXFileReference; explicitFileType = wrapper.cfbundle; includeInIndex = 0; path = PrimeChatUITests.xctest; sourceTree = BUILT_PRODUCTS_DIR; };
		842531FD2ACD11C50039699B /* PrimeChatUITests.swift */ = {isa = PBXFileReference; lastKnownFileType = sourcecode.swift; path = PrimeChatUITests.swift; sourceTree = "<group>"; };
		842531FF2ACD11C50039699B /* PrimeChatUITestsLaunchTests.swift */ = {isa = PBXFileReference; lastKnownFileType = sourcecode.swift; path = PrimeChatUITestsLaunchTests.swift; sourceTree = "<group>"; };
		846A54F72ACDDB69007F2418 /* ConversationListViewModal.swift */ = {isa = PBXFileReference; fileEncoding = 4; lastKnownFileType = sourcecode.swift; path = ConversationListViewModal.swift; sourceTree = "<group>"; };
		8473A8712ACD1366005D84C7 /* GoogleService-Info.plist */ = {isa = PBXFileReference; fileEncoding = 4; lastKnownFileType = text.plist.xml; path = "GoogleService-Info.plist"; sourceTree = "<group>"; };
		8473A87E2ACD1669005D84C7 /* UIKit+Extensions.swift */ = {isa = PBXFileReference; lastKnownFileType = sourcecode.swift; path = "UIKit+Extensions.swift"; sourceTree = "<group>"; };
		8473A8802ACD18ED005D84C7 /* AppManager.swift */ = {isa = PBXFileReference; lastKnownFileType = sourcecode.swift; path = AppManager.swift; sourceTree = "<group>"; };
		8473A8822ACD1C32005D84C7 /* Foundation+Extenstions.swift */ = {isa = PBXFileReference; lastKnownFileType = sourcecode.swift; path = "Foundation+Extenstions.swift"; sourceTree = "<group>"; };
		8473A8862ACD245E005D84C7 /* SignUpView.swift */ = {isa = PBXFileReference; lastKnownFileType = sourcecode.swift; path = SignUpView.swift; sourceTree = "<group>"; };
		8473A8892ACD2EC4005D84C7 /* ChatBubbleView.swift */ = {isa = PBXFileReference; lastKnownFileType = sourcecode.swift; path = ChatBubbleView.swift; sourceTree = "<group>"; };
		8473A88D2ACD3CF4005D84C7 /* LoginView.swift */ = {isa = PBXFileReference; lastKnownFileType = sourcecode.swift; path = LoginView.swift; sourceTree = "<group>"; };
		8473A88F2ACD3F54005D84C7 /* AppState.swift */ = {isa = PBXFileReference; lastKnownFileType = sourcecode.swift; path = AppState.swift; sourceTree = "<group>"; };
		8473A8912ACD6153005D84C7 /* SignUpViewModal.swift */ = {isa = PBXFileReference; lastKnownFileType = sourcecode.swift; path = SignUpViewModal.swift; sourceTree = "<group>"; };
		8473A8932ACD6BF1005D84C7 /* LoginViewModal.swift */ = {isa = PBXFileReference; lastKnownFileType = sourcecode.swift; path = LoginViewModal.swift; sourceTree = "<group>"; };
		8473A8962ACD6E5B005D84C7 /* HomeContainerView.swift */ = {isa = PBXFileReference; lastKnownFileType = sourcecode.swift; path = HomeContainerView.swift; sourceTree = "<group>"; };
		8473A89B2ACD7B80005D84C7 /* ChatsListView.swift */ = {isa = PBXFileReference; lastKnownFileType = sourcecode.swift; path = ChatsListView.swift; sourceTree = "<group>"; };
		8473A89D2ACD7B9D005D84C7 /* StatusListView.swift */ = {isa = PBXFileReference; lastKnownFileType = sourcecode.swift; path = StatusListView.swift; sourceTree = "<group>"; };
		8473A89F2ACD7BB5005D84C7 /* ProfileSettingsView.swift */ = {isa = PBXFileReference; lastKnownFileType = sourcecode.swift; path = ProfileSettingsView.swift; sourceTree = "<group>"; };
		8473A8A12ACD80D4005D84C7 /* FaceCard.swift */ = {isa = PBXFileReference; lastKnownFileType = sourcecode.swift; path = FaceCard.swift; sourceTree = "<group>"; };
		8473A8A32ACD8465005D84C7 /* FaceModal.swift */ = {isa = PBXFileReference; lastKnownFileType = sourcecode.swift; path = FaceModal.swift; sourceTree = "<group>"; };
		8473A8A72ACD8680005D84C7 /* MessageCardView.swift */ = {isa = PBXFileReference; lastKnownFileType = sourcecode.swift; path = MessageCardView.swift; sourceTree = "<group>"; };
		8473A8A92ACD88A8005D84C7 /* ConversationListView.swift */ = {isa = PBXFileReference; lastKnownFileType = sourcecode.swift; path = ConversationListView.swift; sourceTree = "<group>"; };
		8473A8AB2ACD9A1C005D84C7 /* NewMessageContainerView.swift */ = {isa = PBXFileReference; lastKnownFileType = sourcecode.swift; path = NewMessageContainerView.swift; sourceTree = "<group>"; };
		8473A8AE2ACD9CE1005D84C7 /* MessageRecord.swift */ = {isa = PBXFileReference; lastKnownFileType = sourcecode.swift; path = MessageRecord.swift; sourceTree = "<group>"; };
		8473A8B02ACDB358005D84C7 /* AddContactView.swift */ = {isa = PBXFileReference; lastKnownFileType = sourcecode.swift; path = AddContactView.swift; sourceTree = "<group>"; };
		8473A8B22ACDB3C6005D84C7 /* AddContactViewModal.swift */ = {isa = PBXFileReference; lastKnownFileType = sourcecode.swift; path = AddContactViewModal.swift; sourceTree = "<group>"; };
		8473A8B42ACDB48C005D84C7 /* Contact.swift */ = {isa = PBXFileReference; lastKnownFileType = sourcecode.swift; path = Contact.swift; sourceTree = "<group>"; };
/* End PBXFileReference section */

/* Begin PBXFrameworksBuildPhase section */
		842531DC2ACD11C40039699B /* Frameworks */ = {
			isa = PBXFrameworksBuildPhase;
			buildActionMask = 2147483647;
			files = (
				8473A8792ACD14BE005D84C7 /* FirebaseMessaging in Frameworks */,
				8473A87B2ACD14BE005D84C7 /* FirebaseStorage in Frameworks */,
				8473A8752ACD14BE005D84C7 /* FirebaseAuth in Frameworks */,
				8473A8772ACD14BE005D84C7 /* FirebaseFirestore in Frameworks */,
			);
			runOnlyForDeploymentPostprocessing = 0;
		};
		842531EC2ACD11C50039699B /* Frameworks */ = {
			isa = PBXFrameworksBuildPhase;
			buildActionMask = 2147483647;
			files = (
			);
			runOnlyForDeploymentPostprocessing = 0;
		};
		842531F62ACD11C50039699B /* Frameworks */ = {
			isa = PBXFrameworksBuildPhase;
			buildActionMask = 2147483647;
			files = (
			);
			runOnlyForDeploymentPostprocessing = 0;
		};
/* End PBXFrameworksBuildPhase section */

/* Begin PBXGroup section */
		842531D62ACD11C40039699B = {
			isa = PBXGroup;
			children = (
				842531E12ACD11C40039699B /* PrimeChat */,
				842531F22ACD11C50039699B /* PrimeChatTests */,
				842531FC2ACD11C50039699B /* PrimeChatUITests */,
				842531E02ACD11C40039699B /* Products */,
			);
			sourceTree = "<group>";
		};
		842531E02ACD11C40039699B /* Products */ = {
			isa = PBXGroup;
			children = (
				842531DF2ACD11C40039699B /* PrimeChat.app */,
				842531EF2ACD11C50039699B /* PrimeChatTests.xctest */,
				842531F92ACD11C50039699B /* PrimeChatUITests.xctest */,
			);
			name = Products;
			sourceTree = "<group>";
		};
		842531E12ACD11C40039699B /* PrimeChat */ = {
			isa = PBXGroup;
			children = (
				8473A8842ACD2204005D84C7 /* Source */,
				8473A87D2ACD1653005D84C7 /* Extensions */,
				8473A8712ACD1366005D84C7 /* GoogleService-Info.plist */,
				842531E62ACD11C50039699B /* Assets.xcassets */,
				842531E82ACD11C50039699B /* Preview Content */,
			);
			path = PrimeChat;
			sourceTree = "<group>";
		};
		842531E82ACD11C50039699B /* Preview Content */ = {
			isa = PBXGroup;
			children = (
				842531E92ACD11C50039699B /* Preview Assets.xcassets */,
			);
			path = "Preview Content";
			sourceTree = "<group>";
		};
		842531F22ACD11C50039699B /* PrimeChatTests */ = {
			isa = PBXGroup;
			children = (
				842531F32ACD11C50039699B /* PrimeChatTests.swift */,
			);
			path = PrimeChatTests;
			sourceTree = "<group>";
		};
		842531FC2ACD11C50039699B /* PrimeChatUITests */ = {
			isa = PBXGroup;
			children = (
				842531FD2ACD11C50039699B /* PrimeChatUITests.swift */,
				842531FF2ACD11C50039699B /* PrimeChatUITestsLaunchTests.swift */,
			);
			path = PrimeChatUITests;
			sourceTree = "<group>";
		};
		8473A87D2ACD1653005D84C7 /* Extensions */ = {
			isa = PBXGroup;
			children = (
				8473A87E2ACD1669005D84C7 /* UIKit+Extensions.swift */,
				8473A8822ACD1C32005D84C7 /* Foundation+Extenstions.swift */,
			);
			path = Extensions;
			sourceTree = "<group>";
		};
		8473A8842ACD2204005D84C7 /* Source */ = {
			isa = PBXGroup;
			children = (
				8473A8AD2ACD9CD7005D84C7 /* Modals */,
				8473A8952ACD6E3E005D84C7 /* HomeScreen */,
				8473A8882ACD2EB2005D84C7 /* Helpers */,
				8473A8852ACD2437005D84C7 /* AuthenticationScreens */,
				84EC535E2ACE8C4F00287A7E /* App */,
			);
			path = Source;
			sourceTree = "<group>";
		};
		8473A8852ACD2437005D84C7 /* AuthenticationScreens */ = {
			isa = PBXGroup;
			children = (
				8473A8862ACD245E005D84C7 /* SignUpView.swift */,
				8473A8912ACD6153005D84C7 /* SignUpViewModal.swift */,
				8473A88D2ACD3CF4005D84C7 /* LoginView.swift */,
				8473A8932ACD6BF1005D84C7 /* LoginViewModal.swift */,
			);
			path = AuthenticationScreens;
			sourceTree = "<group>";
		};
		8473A8882ACD2EB2005D84C7 /* Helpers */ = {
			isa = PBXGroup;
			children = (
				8473A8892ACD2EC4005D84C7 /* ChatBubbleView.swift */,
			);
			path = Helpers;
			sourceTree = "<group>";
		};
		8473A8952ACD6E3E005D84C7 /* HomeScreen */ = {
			isa = PBXGroup;
			children = (
				8473A8962ACD6E5B005D84C7 /* HomeContainerView.swift */,
				8473A8A12ACD80D4005D84C7 /* FaceCard.swift */,
				8473A8982ACD7B43005D84C7 /* Chats */,
				8473A8992ACD7B4B005D84C7 /* Statuses */,
				8473A89A2ACD7B57005D84C7 /* ProfileSettings */,
				8473A8A32ACD8465005D84C7 /* FaceModal.swift */,
			);
			path = HomeScreen;
			sourceTree = "<group>";
		};
		8473A8982ACD7B43005D84C7 /* Chats */ = {
			isa = PBXGroup;
			children = (
				8473A89B2ACD7B80005D84C7 /* ChatsListView.swift */,
				8473A8A72ACD8680005D84C7 /* MessageCardView.swift */,
				8473A8A92ACD88A8005D84C7 /* ConversationListView.swift */,
				846A54F72ACDDB69007F2418 /* ConversationListViewModal.swift */,
				8473A8AB2ACD9A1C005D84C7 /* NewMessageContainerView.swift */,
				8473A8B02ACDB358005D84C7 /* AddContactView.swift */,
				8473A8B22ACDB3C6005D84C7 /* AddContactViewModal.swift */,
			);
			path = Chats;
			sourceTree = "<group>";
		};
		8473A8992ACD7B4B005D84C7 /* Statuses */ = {
			isa = PBXGroup;
			children = (
				8473A89D2ACD7B9D005D84C7 /* StatusListView.swift */,
			);
			path = Statuses;
			sourceTree = "<group>";
		};
		8473A89A2ACD7B57005D84C7 /* ProfileSettings */ = {
			isa = PBXGroup;
			children = (
				8473A89F2ACD7BB5005D84C7 /* ProfileSettingsView.swift */,
			);
			path = ProfileSettings;
			sourceTree = "<group>";
		};
		8473A8AD2ACD9CD7005D84C7 /* Modals */ = {
			isa = PBXGroup;
			children = (
				8473A8AE2ACD9CE1005D84C7 /* MessageRecord.swift */,
				8473A8B42ACDB48C005D84C7 /* Contact.swift */,
			);
			path = Modals;
			sourceTree = "<group>";
		};
		84EC535E2ACE8C4F00287A7E /* App */ = {
			isa = PBXGroup;
			children = (
				8473A8802ACD18ED005D84C7 /* AppManager.swift */,
				8473A88F2ACD3F54005D84C7 /* AppState.swift */,
				842531E22ACD11C40039699B /* PrimeChatApp.swift */,
				842531E42ACD11C40039699B /* ContentView.swift */,
			);
			path = App;
			sourceTree = "<group>";
		};
/* End PBXGroup section */

/* Begin PBXNativeTarget section */
		842531DE2ACD11C40039699B /* PrimeChat */ = {
			isa = PBXNativeTarget;
			buildConfigurationList = 842532032ACD11C50039699B /* Build configuration list for PBXNativeTarget "PrimeChat" */;
			buildPhases = (
				842531DB2ACD11C40039699B /* Sources */,
				842531DC2ACD11C40039699B /* Frameworks */,
				842531DD2ACD11C40039699B /* Resources */,
			);
			buildRules = (
			);
			dependencies = (
			);
			name = PrimeChat;
			packageProductDependencies = (
				8473A8742ACD14BE005D84C7 /* FirebaseAuth */,
				8473A8762ACD14BE005D84C7 /* FirebaseFirestore */,
				8473A8782ACD14BE005D84C7 /* FirebaseMessaging */,
				8473A87A2ACD14BE005D84C7 /* FirebaseStorage */,
			);
			productName = PrimeChat;
			productReference = 842531DF2ACD11C40039699B /* PrimeChat.app */;
			productType = "com.apple.product-type.application";
		};
		842531EE2ACD11C50039699B /* PrimeChatTests */ = {
			isa = PBXNativeTarget;
			buildConfigurationList = 842532062ACD11C50039699B /* Build configuration list for PBXNativeTarget "PrimeChatTests" */;
			buildPhases = (
				842531EB2ACD11C50039699B /* Sources */,
				842531EC2ACD11C50039699B /* Frameworks */,
				842531ED2ACD11C50039699B /* Resources */,
			);
			buildRules = (
			);
			dependencies = (
				842531F12ACD11C50039699B /* PBXTargetDependency */,
			);
			name = PrimeChatTests;
			productName = PrimeChatTests;
			productReference = 842531EF2ACD11C50039699B /* PrimeChatTests.xctest */;
			productType = "com.apple.product-type.bundle.unit-test";
		};
		842531F82ACD11C50039699B /* PrimeChatUITests */ = {
			isa = PBXNativeTarget;
			buildConfigurationList = 842532092ACD11C50039699B /* Build configuration list for PBXNativeTarget "PrimeChatUITests" */;
			buildPhases = (
				842531F52ACD11C50039699B /* Sources */,
				842531F62ACD11C50039699B /* Frameworks */,
				842531F72ACD11C50039699B /* Resources */,
			);
			buildRules = (
			);
			dependencies = (
				842531FB2ACD11C50039699B /* PBXTargetDependency */,
			);
			name = PrimeChatUITests;
			productName = PrimeChatUITests;
			productReference = 842531F92ACD11C50039699B /* PrimeChatUITests.xctest */;
			productType = "com.apple.product-type.bundle.ui-testing";
		};
/* End PBXNativeTarget section */

/* Begin PBXProject section */
		842531D72ACD11C40039699B /* Project object */ = {
			isa = PBXProject;
			attributes = {
				BuildIndependentTargetsInParallel = 1;
				LastSwiftUpdateCheck = 1430;
				LastUpgradeCheck = 1430;
				TargetAttributes = {
					842531DE2ACD11C40039699B = {
						CreatedOnToolsVersion = 14.3.1;
					};
					842531EE2ACD11C50039699B = {
						CreatedOnToolsVersion = 14.3.1;
						TestTargetID = 842531DE2ACD11C40039699B;
					};
					842531F82ACD11C50039699B = {
						CreatedOnToolsVersion = 14.3.1;
						TestTargetID = 842531DE2ACD11C40039699B;
					};
				};
			};
			buildConfigurationList = 842531DA2ACD11C40039699B /* Build configuration list for PBXProject "PrimeChat" */;
			compatibilityVersion = "Xcode 14.0";
			developmentRegion = en;
			hasScannedForEncodings = 0;
			knownRegions = (
				en,
				Base,
			);
			mainGroup = 842531D62ACD11C40039699B;
			packageReferences = (
				8473A8732ACD14BE005D84C7 /* XCRemoteSwiftPackageReference "firebase-ios-sdk" */,
			);
			productRefGroup = 842531E02ACD11C40039699B /* Products */;
			projectDirPath = "";
			projectRoot = "";
			targets = (
				842531DE2ACD11C40039699B /* PrimeChat */,
				842531EE2ACD11C50039699B /* PrimeChatTests */,
				842531F82ACD11C50039699B /* PrimeChatUITests */,
			);
		};
/* End PBXProject section */

/* Begin PBXResourcesBuildPhase section */
		842531DD2ACD11C40039699B /* Resources */ = {
			isa = PBXResourcesBuildPhase;
			buildActionMask = 2147483647;
			files = (
				842531EA2ACD11C50039699B /* Preview Assets.xcassets in Resources */,
				842531E72ACD11C50039699B /* Assets.xcassets in Resources */,
				8473A8722ACD1366005D84C7 /* GoogleService-Info.plist in Resources */,
			);
			runOnlyForDeploymentPostprocessing = 0;
		};
		842531ED2ACD11C50039699B /* Resources */ = {
			isa = PBXResourcesBuildPhase;
			buildActionMask = 2147483647;
			files = (
			);
			runOnlyForDeploymentPostprocessing = 0;
		};
		842531F72ACD11C50039699B /* Resources */ = {
			isa = PBXResourcesBuildPhase;
			buildActionMask = 2147483647;
			files = (
			);
			runOnlyForDeploymentPostprocessing = 0;
		};
/* End PBXResourcesBuildPhase section */

/* Begin PBXSourcesBuildPhase section */
		842531DB2ACD11C40039699B /* Sources */ = {
			isa = PBXSourcesBuildPhase;
			buildActionMask = 2147483647;
			files = (
				8473A88A2ACD2EC4005D84C7 /* ChatBubbleView.swift in Sources */,
				842531E52ACD11C40039699B /* ContentView.swift in Sources */,
				846A54F82ACDDB69007F2418 /* ConversationListViewModal.swift in Sources */,
				842531E32ACD11C40039699B /* PrimeChatApp.swift in Sources */,
				8473A8A02ACD7BB5005D84C7 /* ProfileSettingsView.swift in Sources */,
				8473A8A82ACD8680005D84C7 /* MessageCardView.swift in Sources */,
				8473A8902ACD3F54005D84C7 /* AppState.swift in Sources */,
				8473A89E2ACD7B9D005D84C7 /* StatusListView.swift in Sources */,
				8473A8A22ACD80D4005D84C7 /* FaceCard.swift in Sources */,
				8473A8832ACD1C32005D84C7 /* Foundation+Extenstions.swift in Sources */,
				8473A8AA2ACD88A8005D84C7 /* ConversationListView.swift in Sources */,
				8473A89C2ACD7B80005D84C7 /* ChatsListView.swift in Sources */,
				8473A8972ACD6E5B005D84C7 /* HomeContainerView.swift in Sources */,
				8473A8B52ACDB48C005D84C7 /* Contact.swift in Sources */,
				8473A87F2ACD1669005D84C7 /* UIKit+Extensions.swift in Sources */,
				8473A8AC2ACD9A1C005D84C7 /* NewMessageContainerView.swift in Sources */,
				8473A8872ACD245E005D84C7 /* SignUpView.swift in Sources */,
				8473A8B12ACDB358005D84C7 /* AddContactView.swift in Sources */,
				8473A88E2ACD3CF4005D84C7 /* LoginView.swift in Sources */,
				8473A8A42ACD8465005D84C7 /* FaceModal.swift in Sources */,
				8473A8922ACD6153005D84C7 /* SignUpViewModal.swift in Sources */,
				8473A8812ACD18ED005D84C7 /* AppManager.swift in Sources */,
				8473A8942ACD6BF1005D84C7 /* LoginViewModal.swift in Sources */,
				8473A8B32ACDB3C6005D84C7 /* AddContactViewModal.swift in Sources */,
				8473A8AF2ACD9CE1005D84C7 /* MessageRecord.swift in Sources */,
			);
			runOnlyForDeploymentPostprocessing = 0;
		};
		842531EB2ACD11C50039699B /* Sources */ = {
			isa = PBXSourcesBuildPhase;
			buildActionMask = 2147483647;
			files = (
				842531F42ACD11C50039699B /* PrimeChatTests.swift in Sources */,
			);
			runOnlyForDeploymentPostprocessing = 0;
		};
		842531F52ACD11C50039699B /* Sources */ = {
			isa = PBXSourcesBuildPhase;
			buildActionMask = 2147483647;
			files = (
				842532002ACD11C50039699B /* PrimeChatUITestsLaunchTests.swift in Sources */,
				842531FE2ACD11C50039699B /* PrimeChatUITests.swift in Sources */,
			);
			runOnlyForDeploymentPostprocessing = 0;
		};
/* End PBXSourcesBuildPhase section */

/* Begin PBXTargetDependency section */
		842531F12ACD11C50039699B /* PBXTargetDependency */ = {
			isa = PBXTargetDependency;
			target = 842531DE2ACD11C40039699B /* PrimeChat */;
			targetProxy = 842531F02ACD11C50039699B /* PBXContainerItemProxy */;
		};
		842531FB2ACD11C50039699B /* PBXTargetDependency */ = {
			isa = PBXTargetDependency;
			target = 842531DE2ACD11C40039699B /* PrimeChat */;
			targetProxy = 842531FA2ACD11C50039699B /* PBXContainerItemProxy */;
		};
/* End PBXTargetDependency section */

/* Begin XCBuildConfiguration section */
		842532012ACD11C50039699B /* Debug */ = {
			isa = XCBuildConfiguration;
			buildSettings = {
				ALWAYS_SEARCH_USER_PATHS = NO;
				CLANG_ANALYZER_NONNULL = YES;
				CLANG_ANALYZER_NUMBER_OBJECT_CONVERSION = YES_AGGRESSIVE;
				CLANG_CXX_LANGUAGE_STANDARD = "gnu++20";
				CLANG_ENABLE_MODULES = YES;
				CLANG_ENABLE_OBJC_ARC = YES;
				CLANG_ENABLE_OBJC_WEAK = YES;
				CLANG_WARN_BLOCK_CAPTURE_AUTORELEASING = YES;
				CLANG_WARN_BOOL_CONVERSION = YES;
				CLANG_WARN_COMMA = YES;
				CLANG_WARN_CONSTANT_CONVERSION = YES;
				CLANG_WARN_DEPRECATED_OBJC_IMPLEMENTATIONS = YES;
				CLANG_WARN_DIRECT_OBJC_ISA_USAGE = YES_ERROR;
				CLANG_WARN_DOCUMENTATION_COMMENTS = YES;
				CLANG_WARN_EMPTY_BODY = YES;
				CLANG_WARN_ENUM_CONVERSION = YES;
				CLANG_WARN_INFINITE_RECURSION = YES;
				CLANG_WARN_INT_CONVERSION = YES;
				CLANG_WARN_NON_LITERAL_NULL_CONVERSION = YES;
				CLANG_WARN_OBJC_IMPLICIT_RETAIN_SELF = YES;
				CLANG_WARN_OBJC_LITERAL_CONVERSION = YES;
				CLANG_WARN_OBJC_ROOT_CLASS = YES_ERROR;
				CLANG_WARN_QUOTED_INCLUDE_IN_FRAMEWORK_HEADER = YES;
				CLANG_WARN_RANGE_LOOP_ANALYSIS = YES;
				CLANG_WARN_STRICT_PROTOTYPES = YES;
				CLANG_WARN_SUSPICIOUS_MOVE = YES;
				CLANG_WARN_UNGUARDED_AVAILABILITY = YES_AGGRESSIVE;
				CLANG_WARN_UNREACHABLE_CODE = YES;
				CLANG_WARN__DUPLICATE_METHOD_MATCH = YES;
				COPY_PHASE_STRIP = NO;
				DEBUG_INFORMATION_FORMAT = dwarf;
				ENABLE_STRICT_OBJC_MSGSEND = YES;
				ENABLE_TESTABILITY = YES;
				GCC_C_LANGUAGE_STANDARD = gnu11;
				GCC_DYNAMIC_NO_PIC = NO;
				GCC_NO_COMMON_BLOCKS = YES;
				GCC_OPTIMIZATION_LEVEL = 0;
				GCC_PREPROCESSOR_DEFINITIONS = (
					"DEBUG=1",
					"$(inherited)",
				);
				GCC_WARN_64_TO_32_BIT_CONVERSION = YES;
				GCC_WARN_ABOUT_RETURN_TYPE = YES_ERROR;
				GCC_WARN_UNDECLARED_SELECTOR = YES;
				GCC_WARN_UNINITIALIZED_AUTOS = YES_AGGRESSIVE;
				GCC_WARN_UNUSED_FUNCTION = YES;
				GCC_WARN_UNUSED_VARIABLE = YES;
				IPHONEOS_DEPLOYMENT_TARGET = 16.4;
				MTL_ENABLE_DEBUG_INFO = INCLUDE_SOURCE;
				MTL_FAST_MATH = YES;
				ONLY_ACTIVE_ARCH = YES;
				SDKROOT = iphoneos;
				SWIFT_ACTIVE_COMPILATION_CONDITIONS = DEBUG;
				SWIFT_OPTIMIZATION_LEVEL = "-Onone";
			};
			name = Debug;
		};
		842532022ACD11C50039699B /* Release */ = {
			isa = XCBuildConfiguration;
			buildSettings = {
				ALWAYS_SEARCH_USER_PATHS = NO;
				CLANG_ANALYZER_NONNULL = YES;
				CLANG_ANALYZER_NUMBER_OBJECT_CONVERSION = YES_AGGRESSIVE;
				CLANG_CXX_LANGUAGE_STANDARD = "gnu++20";
				CLANG_ENABLE_MODULES = YES;
				CLANG_ENABLE_OBJC_ARC = YES;
				CLANG_ENABLE_OBJC_WEAK = YES;
				CLANG_WARN_BLOCK_CAPTURE_AUTORELEASING = YES;
				CLANG_WARN_BOOL_CONVERSION = YES;
				CLANG_WARN_COMMA = YES;
				CLANG_WARN_CONSTANT_CONVERSION = YES;
				CLANG_WARN_DEPRECATED_OBJC_IMPLEMENTATIONS = YES;
				CLANG_WARN_DIRECT_OBJC_ISA_USAGE = YES_ERROR;
				CLANG_WARN_DOCUMENTATION_COMMENTS = YES;
				CLANG_WARN_EMPTY_BODY = YES;
				CLANG_WARN_ENUM_CONVERSION = YES;
				CLANG_WARN_INFINITE_RECURSION = YES;
				CLANG_WARN_INT_CONVERSION = YES;
				CLANG_WARN_NON_LITERAL_NULL_CONVERSION = YES;
				CLANG_WARN_OBJC_IMPLICIT_RETAIN_SELF = YES;
				CLANG_WARN_OBJC_LITERAL_CONVERSION = YES;
				CLANG_WARN_OBJC_ROOT_CLASS = YES_ERROR;
				CLANG_WARN_QUOTED_INCLUDE_IN_FRAMEWORK_HEADER = YES;
				CLANG_WARN_RANGE_LOOP_ANALYSIS = YES;
				CLANG_WARN_STRICT_PROTOTYPES = YES;
				CLANG_WARN_SUSPICIOUS_MOVE = YES;
				CLANG_WARN_UNGUARDED_AVAILABILITY = YES_AGGRESSIVE;
				CLANG_WARN_UNREACHABLE_CODE = YES;
				CLANG_WARN__DUPLICATE_METHOD_MATCH = YES;
				COPY_PHASE_STRIP = NO;
				DEBUG_INFORMATION_FORMAT = "dwarf-with-dsym";
				ENABLE_NS_ASSERTIONS = NO;
				ENABLE_STRICT_OBJC_MSGSEND = YES;
				GCC_C_LANGUAGE_STANDARD = gnu11;
				GCC_NO_COMMON_BLOCKS = YES;
				GCC_WARN_64_TO_32_BIT_CONVERSION = YES;
				GCC_WARN_ABOUT_RETURN_TYPE = YES_ERROR;
				GCC_WARN_UNDECLARED_SELECTOR = YES;
				GCC_WARN_UNINITIALIZED_AUTOS = YES_AGGRESSIVE;
				GCC_WARN_UNUSED_FUNCTION = YES;
				GCC_WARN_UNUSED_VARIABLE = YES;
				IPHONEOS_DEPLOYMENT_TARGET = 16.4;
				MTL_ENABLE_DEBUG_INFO = NO;
				MTL_FAST_MATH = YES;
				SDKROOT = iphoneos;
				SWIFT_COMPILATION_MODE = wholemodule;
				SWIFT_OPTIMIZATION_LEVEL = "-O";
				VALIDATE_PRODUCT = YES;
			};
			name = Release;
		};
		842532042ACD11C50039699B /* Debug */ = {
			isa = XCBuildConfiguration;
			buildSettings = {
				ASSETCATALOG_COMPILER_APPICON_NAME = AppIcon;
				ASSETCATALOG_COMPILER_GLOBAL_ACCENT_COLOR_NAME = AccentColor;
				CODE_SIGN_STYLE = Automatic;
				CURRENT_PROJECT_VERSION = 1;
				DEVELOPMENT_ASSET_PATHS = "\"PrimeChat/Preview Content\"";
				ENABLE_PREVIEWS = YES;
				GENERATE_INFOPLIST_FILE = YES;
				INFOPLIST_KEY_UIApplicationSceneManifest_Generation = YES;
				INFOPLIST_KEY_UIApplicationSupportsIndirectInputEvents = YES;
				INFOPLIST_KEY_UILaunchScreen_Generation = YES;
				INFOPLIST_KEY_UISupportedInterfaceOrientations_iPad = "UIInterfaceOrientationPortrait UIInterfaceOrientationPortraitUpsideDown UIInterfaceOrientationLandscapeLeft UIInterfaceOrientationLandscapeRight";
				INFOPLIST_KEY_UISupportedInterfaceOrientations_iPhone = "UIInterfaceOrientationPortrait UIInterfaceOrientationLandscapeLeft UIInterfaceOrientationLandscapeRight";
				INFOPLIST_KEY_UIUserInterfaceStyle = "";
				LD_RUNPATH_SEARCH_PATHS = (
					"$(inherited)",
					"@executable_path/Frameworks",
				);
				MARKETING_VERSION = 1.0;
				PRODUCT_BUNDLE_IDENTIFIER = com.personal.PrimeChat;
				PRODUCT_NAME = "$(TARGET_NAME)";
				SWIFT_EMIT_LOC_STRINGS = YES;
				SWIFT_VERSION = 5.0;
				TARGETED_DEVICE_FAMILY = "1,2";
			};
			name = Debug;
		};
		842532052ACD11C50039699B /* Release */ = {
			isa = XCBuildConfiguration;
			buildSettings = {
				ASSETCATALOG_COMPILER_APPICON_NAME = AppIcon;
				ASSETCATALOG_COMPILER_GLOBAL_ACCENT_COLOR_NAME = AccentColor;
				CODE_SIGN_STYLE = Automatic;
				CURRENT_PROJECT_VERSION = 1;
				DEVELOPMENT_ASSET_PATHS = "\"PrimeChat/Preview Content\"";
				ENABLE_PREVIEWS = YES;
				GENERATE_INFOPLIST_FILE = YES;
				INFOPLIST_KEY_UIApplicationSceneManifest_Generation = YES;
				INFOPLIST_KEY_UIApplicationSupportsIndirectInputEvents = YES;
				INFOPLIST_KEY_UILaunchScreen_Generation = YES;
				INFOPLIST_KEY_UISupportedInterfaceOrientations_iPad = "UIInterfaceOrientationPortrait UIInterfaceOrientationPortraitUpsideDown UIInterfaceOrientationLandscapeLeft UIInterfaceOrientationLandscapeRight";
				INFOPLIST_KEY_UISupportedInterfaceOrientations_iPhone = "UIInterfaceOrientationPortrait UIInterfaceOrientationLandscapeLeft UIInterfaceOrientationLandscapeRight";
				INFOPLIST_KEY_UIUserInterfaceStyle = "";
				LD_RUNPATH_SEARCH_PATHS = (
					"$(inherited)",
					"@executable_path/Frameworks",
				);
				MARKETING_VERSION = 1.0;
				PRODUCT_BUNDLE_IDENTIFIER = com.personal.PrimeChat;
				PRODUCT_NAME = "$(TARGET_NAME)";
				SWIFT_EMIT_LOC_STRINGS = YES;
				SWIFT_VERSION = 5.0;
				TARGETED_DEVICE_FAMILY = "1,2";
			};
			name = Release;
		};
		842532072ACD11C50039699B /* Debug */ = {
			isa = XCBuildConfiguration;
			buildSettings = {
				ALWAYS_EMBED_SWIFT_STANDARD_LIBRARIES = YES;
				BUNDLE_LOADER = "$(TEST_HOST)";
				CODE_SIGN_STYLE = Automatic;
				CURRENT_PROJECT_VERSION = 1;
				GENERATE_INFOPLIST_FILE = YES;
				IPHONEOS_DEPLOYMENT_TARGET = 16.4;
				MARKETING_VERSION = 1.0;
				PRODUCT_BUNDLE_IDENTIFIER = com.personal.PrimeChatTests;
				PRODUCT_NAME = "$(TARGET_NAME)";
				SWIFT_EMIT_LOC_STRINGS = NO;
				SWIFT_VERSION = 5.0;
				TARGETED_DEVICE_FAMILY = "1,2";
				TEST_HOST = "$(BUILT_PRODUCTS_DIR)/PrimeChat.app/$(BUNDLE_EXECUTABLE_FOLDER_PATH)/PrimeChat";
			};
			name = Debug;
		};
		842532082ACD11C50039699B /* Release */ = {
			isa = XCBuildConfiguration;
			buildSettings = {
				ALWAYS_EMBED_SWIFT_STANDARD_LIBRARIES = YES;
				BUNDLE_LOADER = "$(TEST_HOST)";
				CODE_SIGN_STYLE = Automatic;
				CURRENT_PROJECT_VERSION = 1;
				GENERATE_INFOPLIST_FILE = YES;
				IPHONEOS_DEPLOYMENT_TARGET = 16.4;
				MARKETING_VERSION = 1.0;
				PRODUCT_BUNDLE_IDENTIFIER = com.personal.PrimeChatTests;
				PRODUCT_NAME = "$(TARGET_NAME)";
				SWIFT_EMIT_LOC_STRINGS = NO;
				SWIFT_VERSION = 5.0;
				TARGETED_DEVICE_FAMILY = "1,2";
				TEST_HOST = "$(BUILT_PRODUCTS_DIR)/PrimeChat.app/$(BUNDLE_EXECUTABLE_FOLDER_PATH)/PrimeChat";
			};
			name = Release;
		};
		8425320A2ACD11C50039699B /* Debug */ = {
			isa = XCBuildConfiguration;
			buildSettings = {
				ALWAYS_EMBED_SWIFT_STANDARD_LIBRARIES = YES;
				CODE_SIGN_STYLE = Automatic;
				CURRENT_PROJECT_VERSION = 1;
				GENERATE_INFOPLIST_FILE = YES;
				MARKETING_VERSION = 1.0;
				PRODUCT_BUNDLE_IDENTIFIER = com.personal.PrimeChatUITests;
				PRODUCT_NAME = "$(TARGET_NAME)";
				SWIFT_EMIT_LOC_STRINGS = NO;
				SWIFT_VERSION = 5.0;
				TARGETED_DEVICE_FAMILY = "1,2";
				TEST_TARGET_NAME = PrimeChat;
			};
			name = Debug;
		};
		8425320B2ACD11C50039699B /* Release */ = {
			isa = XCBuildConfiguration;
			buildSettings = {
				ALWAYS_EMBED_SWIFT_STANDARD_LIBRARIES = YES;
				CODE_SIGN_STYLE = Automatic;
				CURRENT_PROJECT_VERSION = 1;
				GENERATE_INFOPLIST_FILE = YES;
				MARKETING_VERSION = 1.0;
				PRODUCT_BUNDLE_IDENTIFIER = com.personal.PrimeChatUITests;
				PRODUCT_NAME = "$(TARGET_NAME)";
				SWIFT_EMIT_LOC_STRINGS = NO;
				SWIFT_VERSION = 5.0;
				TARGETED_DEVICE_FAMILY = "1,2";
				TEST_TARGET_NAME = PrimeChat;
			};
			name = Release;
		};
/* End XCBuildConfiguration section */

/* Begin XCConfigurationList section */
		842531DA2ACD11C40039699B /* Build configuration list for PBXProject "PrimeChat" */ = {
			isa = XCConfigurationList;
			buildConfigurations = (
				842532012ACD11C50039699B /* Debug */,
				842532022ACD11C50039699B /* Release */,
			);
			defaultConfigurationIsVisible = 0;
			defaultConfigurationName = Release;
		};
		842532032ACD11C50039699B /* Build configuration list for PBXNativeTarget "PrimeChat" */ = {
			isa = XCConfigurationList;
			buildConfigurations = (
				842532042ACD11C50039699B /* Debug */,
				842532052ACD11C50039699B /* Release */,
			);
			defaultConfigurationIsVisible = 0;
			defaultConfigurationName = Release;
		};
		842532062ACD11C50039699B /* Build configuration list for PBXNativeTarget "PrimeChatTests" */ = {
			isa = XCConfigurationList;
			buildConfigurations = (
				842532072ACD11C50039699B /* Debug */,
				842532082ACD11C50039699B /* Release */,
			);
			defaultConfigurationIsVisible = 0;
			defaultConfigurationName = Release;
		};
		842532092ACD11C50039699B /* Build configuration list for PBXNativeTarget "PrimeChatUITests" */ = {
			isa = XCConfigurationList;
			buildConfigurations = (
				8425320A2ACD11C50039699B /* Debug */,
				8425320B2ACD11C50039699B /* Release */,
			);
			defaultConfigurationIsVisible = 0;
			defaultConfigurationName = Release;
		};
/* End XCConfigurationList section */

/* Begin XCRemoteSwiftPackageReference section */
		8473A8732ACD14BE005D84C7 /* XCRemoteSwiftPackageReference "firebase-ios-sdk" */ = {
			isa = XCRemoteSwiftPackageReference;
			repositoryURL = "https://github.com/firebase/firebase-ios-sdk";
			requirement = {
				kind = upToNextMajorVersion;
				minimumVersion = 10.0.0;
			};
		};
/* End XCRemoteSwiftPackageReference section */

/* Begin XCSwiftPackageProductDependency section */
		8473A8742ACD14BE005D84C7 /* FirebaseAuth */ = {
			isa = XCSwiftPackageProductDependency;
			package = 8473A8732ACD14BE005D84C7 /* XCRemoteSwiftPackageReference "firebase-ios-sdk" */;
			productName = FirebaseAuth;
		};
		8473A8762ACD14BE005D84C7 /* FirebaseFirestore */ = {
			isa = XCSwiftPackageProductDependency;
			package = 8473A8732ACD14BE005D84C7 /* XCRemoteSwiftPackageReference "firebase-ios-sdk" */;
			productName = FirebaseFirestore;
		};
		8473A8782ACD14BE005D84C7 /* FirebaseMessaging */ = {
			isa = XCSwiftPackageProductDependency;
			package = 8473A8732ACD14BE005D84C7 /* XCRemoteSwiftPackageReference "firebase-ios-sdk" */;
			productName = FirebaseMessaging;
		};
		8473A87A2ACD14BE005D84C7 /* FirebaseStorage */ = {
			isa = XCSwiftPackageProductDependency;
			package = 8473A8732ACD14BE005D84C7 /* XCRemoteSwiftPackageReference "firebase-ios-sdk" */;
			productName = FirebaseStorage;
		};
/* End XCSwiftPackageProductDependency section */
	};
	rootObject = 842531D72ACD11C40039699B /* Project object */;
}
